
Microsoft Visual Studio Solution File, Format Version 12.00
# Visual Studio Version 17
VisualStudioVersion = 17.12.35209.166
MinimumVisualStudioVersion = 10.0.40219.1
Project("{FAE04EC0-301F-11D3-BF4B-00C04F79EFBC}") = "homework", "homework\homework.csproj", "{C0965CF6-B7D8-47C4-9187-D415BF78C352}"
EndProject
Global
	GlobalSection(SolutionConfigurationPlatforms) = preSolution
		Debug|Any CPU = Debug|Any CPU
		Release|Any CPU = Release|Any CPU
	EndGlobalSection
	GlobalSection(ProjectConfigurationPlatforms) = postSolution
		{C0965CF6-B7D8-47C4-9187-D415BF78C352}.Debug|Any CPU.ActiveCfg = Debug|Any CPU
		{C0965CF6-B7D8-47C4-9187-D415BF78C352}.Debug|Any CPU.Build.0 = Debug|Any CPU
		{C0965CF6-B7D8-47C4-9187-D415BF78C352}.Release|Any CPU.ActiveCfg = Release|Any CPU
		{C0965CF6-B7D8-47C4-9187-D415BF78C352}.Release|Any CPU.Build.0 = Release|Any CPU
	EndGlobalSection
	GlobalSection(SolutionProperties) = preSolution
		HideSolutionNode = FALSE
	EndGlobalSection
	GlobalSection(ExtensibilityGlobals) = postSolution
		SolutionGuid = {EE913F92-80DF-49B5-AD09-127632965604}
	EndGlobalSection
EndGlobal
